
Microsoft Visual Studio Solution File, Format Version 12.00
# Visual Studio Version 16
VisualStudioVersion = 16.0.30114.105
MinimumVisualStudioVersion = 10.0.40219.1
Project("{FAE04EC0-301F-11D3-BF4B-00C04F79EFBC}") = "ObjectDetection", "ObjectDetection\ObjectDetection.csproj", "{B7A8CFE6-04EA-4AA6-91EF-9637044A3176}"
EndProject
Global
	GlobalSection(SolutionConfigurationPlatforms) = preSolution
		Debug|Any CPU = Debug|Any CPU
		Release|Any CPU = Release|Any CPU
	EndGlobalSection
	GlobalSection(ProjectConfigurationPlatforms) = postSolution
		{B7A8CFE6-04EA-4AA6-91EF-9637044A3176}.Debug|Any CPU.ActiveCfg = Debug|Any CPU
		{B7A8CFE6-04EA-4AA6-91EF-9637044A3176}.Debug|Any CPU.Build.0 = Debug|Any CPU
		{B7A8CFE6-04EA-4AA6-91EF-9637044A3176}.Release|Any CPU.ActiveCfg = Release|Any CPU
		{B7A8CFE6-04EA-4AA6-91EF-9637044A3176}.Release|Any CPU.Build.0 = Release|Any CPU
	EndGlobalSection
	GlobalSection(SolutionProperties) = preSolution
		HideSolutionNode = FALSE
	EndGlobalSection
	GlobalSection(ExtensibilityGlobals) = postSolution
		SolutionGuid = {547673FB-395D-4981-8D0C-0FF9D6C84D78}
	EndGlobalSection
EndGlobal
